
Microsoft Visual Studio Solution File, Format Version 12.00
# Visual Studio Version 16
VisualStudioVersion = 16.0.29911.84
MinimumVisualStudioVersion = 10.0.40219.1
Project("{FAE04EC0-301F-11D3-BF4B-00C04F79EFBC}") = "doga", "doga.csproj", "{0B41612C-E529-4797-AF14-682320C87BEA}"
EndProject
Global
	GlobalSection(SolutionConfigurationPlatforms) = preSolution
		Debug|Any CPU = Debug|Any CPU
		Release|Any CPU = Release|Any CPU
	EndGlobalSection
	GlobalSection(ProjectConfigurationPlatforms) = postSolution
		{0B41612C-E529-4797-AF14-682320C87BEA}.Debug|Any CPU.ActiveCfg = Debug|Any CPU
		{0B41612C-E529-4797-AF14-682320C87BEA}.Debug|Any CPU.Build.0 = Debug|Any CPU
		{0B41612C-E529-4797-AF14-682320C87BEA}.Release|Any CPU.ActiveCfg = Release|Any CPU
		{0B41612C-E529-4797-AF14-682320C87BEA}.Release|Any CPU.Build.0 = Release|Any CPU
	EndGlobalSection
	GlobalSection(SolutionProperties) = preSolution
		HideSolutionNode = FALSE
	EndGlobalSection
	GlobalSection(ExtensibilityGlobals) = postSolution
		SolutionGuid = {6FEE6D44-5194-4C7C-8739-21693156ED2E}
	EndGlobalSection
EndGlobal
